
Microsoft Visual Studio Solution File, Format Version 12.00
# Visual Studio Version 17
VisualStudioVersion = 17.5.33516.290
MinimumVisualStudioVersion = 10.0.40219.1
Project("{54A90642-561A-4BB1-A94E-469ADEE60C69}") = "reactproject1", "reactproject1\reactproject1.esproj", "{9569C522-FD36-4E26-9E1B-65DEBC9FC4EE}"
EndProject
Global
	GlobalSection(SolutionConfigurationPlatforms) = preSolution
		Debug|Any CPU = Debug|Any CPU
		Release|Any CPU = Release|Any CPU
	EndGlobalSection
	GlobalSection(ProjectConfigurationPlatforms) = postSolution
		{9569C522-FD36-4E26-9E1B-65DEBC9FC4EE}.Debug|Any CPU.ActiveCfg = Debug|Any CPU
		{9569C522-FD36-4E26-9E1B-65DEBC9FC4EE}.Debug|Any CPU.Build.0 = Debug|Any CPU
		{9569C522-FD36-4E26-9E1B-65DEBC9FC4EE}.Debug|Any CPU.Deploy.0 = Debug|Any CPU
		{9569C522-FD36-4E26-9E1B-65DEBC9FC4EE}.Release|Any CPU.ActiveCfg = Release|Any CPU
		{9569C522-FD36-4E26-9E1B-65DEBC9FC4EE}.Release|Any CPU.Build.0 = Release|Any CPU
		{9569C522-FD36-4E26-9E1B-65DEBC9FC4EE}.Release|Any CPU.Deploy.0 = Release|Any CPU
	EndGlobalSection
	GlobalSection(SolutionProperties) = preSolution
		HideSolutionNode = FALSE
	EndGlobalSection
	GlobalSection(ExtensibilityGlobals) = postSolution
		SolutionGuid = {7390707B-55B6-4132-B62E-33A13021B7E7}
	EndGlobalSection
EndGlobal
